
Microsoft Visual Studio Solution File, Format Version 12.00
# Visual Studio Version 17
VisualStudioVersion = 17.7.34221.43
MinimumVisualStudioVersion = 10.0.40219.1
Project("{FAE04EC0-301F-11D3-BF4B-00C04F79EFBC}") = "Admin Portal Login", "Admin Portal Login\Admin Portal Login.csproj", "{F579F16E-A109-434A-B798-74E60B10DDBC}"
EndProject
Global
	GlobalSection(SolutionConfigurationPlatforms) = preSolution
		Debug|Any CPU = Debug|Any CPU
		Release|Any CPU = Release|Any CPU
	EndGlobalSection
	GlobalSection(ProjectConfigurationPlatforms) = postSolution
		{F579F16E-A109-434A-B798-74E60B10DDBC}.Debug|Any CPU.ActiveCfg = Debug|Any CPU
		{F579F16E-A109-434A-B798-74E60B10DDBC}.Debug|Any CPU.Build.0 = Debug|Any CPU
		{F579F16E-A109-434A-B798-74E60B10DDBC}.Release|Any CPU.ActiveCfg = Release|Any CPU
		{F579F16E-A109-434A-B798-74E60B10DDBC}.Release|Any CPU.Build.0 = Release|Any CPU
	EndGlobalSection
	GlobalSection(SolutionProperties) = preSolution
		HideSolutionNode = FALSE
	EndGlobalSection
	GlobalSection(ExtensibilityGlobals) = postSolution
		SolutionGuid = {2200189C-673E-4493-BB71-37E4EDE49AF1}
	EndGlobalSection
EndGlobal
